
Microsoft Visual Studio Solution File, Format Version 12.00
# Visual Studio Version 16
VisualStudioVersion = 16.0.29411.108
MinimumVisualStudioVersion = 10.0.40219.1
Project("{FAE04EC0-301F-11D3-BF4B-00C04F79EFBC}") = "PeliculasAPI", "PeliculasAPI\PeliculasAPI.csproj", "{642910A6-FF3E-46EC-9195-CEC60B336AEE}"
EndProject
Global
	GlobalSection(SolutionConfigurationPlatforms) = preSolution
		Debug|Any CPU = Debug|Any CPU
		Release|Any CPU = Release|Any CPU
	EndGlobalSection
	GlobalSection(ProjectConfigurationPlatforms) = postSolution
		{642910A6-FF3E-46EC-9195-CEC60B336AEE}.Debug|Any CPU.ActiveCfg = Debug|Any CPU
		{642910A6-FF3E-46EC-9195-CEC60B336AEE}.Debug|Any CPU.Build.0 = Debug|Any CPU
		{642910A6-FF3E-46EC-9195-CEC60B336AEE}.Release|Any CPU.ActiveCfg = Release|Any CPU
		{642910A6-FF3E-46EC-9195-CEC60B336AEE}.Release|Any CPU.Build.0 = Release|Any CPU
	EndGlobalSection
	GlobalSection(SolutionProperties) = preSolution
		HideSolutionNode = FALSE
	EndGlobalSection
	GlobalSection(ExtensibilityGlobals) = postSolution
		SolutionGuid = {61F1FB8E-60CD-40E9-A585-24F3F38CCF8D}
	EndGlobalSection
EndGlobal
